// !$*UTF8*$!
{
	archiveVersion = 1;
	classes = {
	};
	objectVersion = 77;
	objects = {

/* Begin PBXBuildFile section */
		6687C37F2C95B426000ECC5D /* Post.swift in Sources */ = {isa = PBXBuildFile; fileRef = 6687C37E2C95B426000ECC5D /* Post.swift */; };
		6687C3802C95B426000ECC5D /* Post.swift in Sources */ = {isa = PBXBuildFile; fileRef = 6687C37E2C95B426000ECC5D /* Post.swift */; };
		6687C3812C95B426000ECC5D /* Post.swift in Sources */ = {isa = PBXBuildFile; fileRef = 6687C37E2C95B426000ECC5D /* Post.swift */; };
		6687C3832C95B44C000ECC5D /* Account.swift in Sources */ = {isa = PBXBuildFile; fileRef = 6687C3822C95B44C000ECC5D /* Account.swift */; };
		6687C3842C95B44D000ECC5D /* Account.swift in Sources */ = {isa = PBXBuildFile; fileRef = 6687C3822C95B44C000ECC5D /* Account.swift */; };
		6687C3852C95B44D000ECC5D /* Account.swift in Sources */ = {isa = PBXBuildFile; fileRef = 6687C3822C95B44C000ECC5D /* Account.swift */; };
		6687C3872C95B46E000ECC5D /* MediaAttachment.swift in Sources */ = {isa = PBXBuildFile; fileRef = 6687C3862C95B46E000ECC5D /* MediaAttachment.swift */; };
		6687C3882C95B46E000ECC5D /* MediaAttachment.swift in Sources */ = {isa = PBXBuildFile; fileRef = 6687C3862C95B46E000ECC5D /* MediaAttachment.swift */; };
		6687C3892C95B46E000ECC5D /* MediaAttachment.swift in Sources */ = {isa = PBXBuildFile; fileRef = 6687C3862C95B46E000ECC5D /* MediaAttachment.swift */; };
		6687C3BD2C95B737000ECC5D /* MastodonService.swift in Sources */ = {isa = PBXBuildFile; fileRef = 6687C3BC2C95B732000ECC5D /* MastodonService.swift */; };
/* End PBXBuildFile section */

/* Begin PBXContainerItemProxy section */
		6687C3612C95AE8A000ECC5D /* PBXContainerItemProxy */ = {
			isa = PBXContainerItemProxy;
			containerPortal = 6687C3452C95AE87000ECC5D /* Project object */;
			proxyType = 1;
			remoteGlobalIDString = 6687C34C2C95AE87000ECC5D;
			remoteInfo = Mustard;
		};
		6687C36B2C95AE8A000ECC5D /* PBXContainerItemProxy */ = {
			isa = PBXContainerItemProxy;
			containerPortal = 6687C3452C95AE87000ECC5D /* Project object */;
			proxyType = 1;
			remoteGlobalIDString = 6687C34C2C95AE87000ECC5D;
			remoteInfo = Mustard;
		};
/* End PBXContainerItemProxy section */

/* Begin PBXFileReference section */
		6687C34D2C95AE87000ECC5D /* Mustard.app */ = {isa = PBXFileReference; explicitFileType = wrapper.application; includeInIndex = 0; path = Mustard.app; sourceTree = BUILT_PRODUCTS_DIR; };
		6687C3602C95AE8A000ECC5D /* MustardTests.xctest */ = {isa = PBXFileReference; explicitFileType = wrapper.cfbundle; includeInIndex = 0; path = MustardTests.xctest; sourceTree = BUILT_PRODUCTS_DIR; };
		6687C36A2C95AE8A000ECC5D /* MustardUITests.xctest */ = {isa = PBXFileReference; explicitFileType = wrapper.cfbundle; includeInIndex = 0; path = MustardUITests.xctest; sourceTree = BUILT_PRODUCTS_DIR; };
		6687C37E2C95B426000ECC5D /* Post.swift */ = {isa = PBXFileReference; lastKnownFileType = sourcecode.swift; path = Post.swift; sourceTree = "<group>"; };
		6687C3822C95B44C000ECC5D /* Account.swift */ = {isa = PBXFileReference; lastKnownFileType = sourcecode.swift; path = Account.swift; sourceTree = "<group>"; };
		6687C3862C95B46E000ECC5D /* MediaAttachment.swift */ = {isa = PBXFileReference; lastKnownFileType = sourcecode.swift; path = MediaAttachment.swift; sourceTree = "<group>"; };
		6687C3BC2C95B732000ECC5D /* MastodonService.swift */ = {isa = PBXFileReference; lastKnownFileType = sourcecode.swift; path = MastodonService.swift; sourceTree = "<group>"; };
/* End PBXFileReference section */

/* Begin PBXFileSystemSynchronizedBuildFileExceptionSet section */
		6687C39F2C95B503000ECC5D /* Exceptions for "Services" folder in "MustardTests" target */ = {
			isa = PBXFileSystemSynchronizedBuildFileExceptionSet;
			membershipExceptions = (
				DTOs/PostData.swift,
				MastodonService.swift,
			);
			target = 6687C35F2C95AE8A000ECC5D /* MustardTests */;
		};
		6687C3A02C95B503000ECC5D /* Exceptions for "Services" folder in "MustardUITests" target */ = {
			isa = PBXFileSystemSynchronizedBuildFileExceptionSet;
			membershipExceptions = (
				DTOs/PostData.swift,
				MastodonService.swift,
			);
			target = 6687C3692C95AE8A000ECC5D /* MustardUITests */;
		};
		6687C3AC2C95B583000ECC5D /* Exceptions for "ViewModels" folder in "MustardTests" target */ = {
			isa = PBXFileSystemSynchronizedBuildFileExceptionSet;
			membershipExceptions = (
				TimelineViewModel.swift,
			);
			target = 6687C35F2C95AE8A000ECC5D /* MustardTests */;
		};
		6687C3AD2C95B583000ECC5D /* Exceptions for "ViewModels" folder in "MustardUITests" target */ = {
			isa = PBXFileSystemSynchronizedBuildFileExceptionSet;
			membershipExceptions = (
				TimelineViewModel.swift,
			);
			target = 6687C3692C95AE8A000ECC5D /* MustardUITests */;
		};
		6687C3B32C95B5F5000ECC5D /* Exceptions for "Views" folder in "MustardTests" target */ = {
			isa = PBXFileSystemSynchronizedBuildFileExceptionSet;
			membershipExceptions = (
				PostRowView.swift,
			);
			target = 6687C35F2C95AE8A000ECC5D /* MustardTests */;
		};
		6687C3B42C95B5F5000ECC5D /* Exceptions for "Views" folder in "MustardUITests" target */ = {
			isa = PBXFileSystemSynchronizedBuildFileExceptionSet;
			membershipExceptions = (
				PostRowView.swift,
			);
			target = 6687C3692C95AE8A000ECC5D /* MustardUITests */;
		};
/* End PBXFileSystemSynchronizedBuildFileExceptionSet section */

/* Begin PBXFileSystemSynchronizedRootGroup section */
		6687C34F2C95AE87000ECC5D /* Mustard */ = {
			isa = PBXFileSystemSynchronizedRootGroup;
			path = Mustard;
			sourceTree = "<group>";
		};
		6687C3632C95AE8A000ECC5D /* MustardTests */ = {
			isa = PBXFileSystemSynchronizedRootGroup;
			path = MustardTests;
			sourceTree = "<group>";
		};
		6687C36D2C95AE8A000ECC5D /* MustardUITests */ = {
			isa = PBXFileSystemSynchronizedRootGroup;
			path = MustardUITests;
			sourceTree = "<group>";
		};
		6687C39B2C95B503000ECC5D /* Services */ = {
			isa = PBXFileSystemSynchronizedRootGroup;
			exceptions = (
				6687C39F2C95B503000ECC5D /* Exceptions for "Services" folder in "MustardTests" target */,
				6687C3A02C95B503000ECC5D /* Exceptions for "Services" folder in "MustardUITests" target */,
			);
			path = Services;
			sourceTree = "<group>";
		};
		6687C3A72C95B567000ECC5D /* ViewModels */ = {
			isa = PBXFileSystemSynchronizedRootGroup;
			exceptions = (
				6687C3AC2C95B583000ECC5D /* Exceptions for "ViewModels" folder in "MustardTests" target */,
				6687C3AD2C95B583000ECC5D /* Exceptions for "ViewModels" folder in "MustardUITests" target */,
			);
			path = ViewModels;
			sourceTree = "<group>";
		};
		6687C3AE2C95B5CA000ECC5D /* Views */ = {
			isa = PBXFileSystemSynchronizedRootGroup;
			exceptions = (
				6687C3B32C95B5F5000ECC5D /* Exceptions for "Views" folder in "MustardTests" target */,
				6687C3B42C95B5F5000ECC5D /* Exceptions for "Views" folder in "MustardUITests" target */,
			);
			path = Views;
			sourceTree = "<group>";
		};
/* End PBXFileSystemSynchronizedRootGroup section */

/* Begin PBXFrameworksBuildPhase section */
		6687C34A2C95AE87000ECC5D /* Frameworks */ = {
			isa = PBXFrameworksBuildPhase;
			buildActionMask = 2147483647;
			files = (
			);
			runOnlyForDeploymentPostprocessing = 0;
		};
		6687C35D2C95AE8A000ECC5D /* Frameworks */ = {
			isa = PBXFrameworksBuildPhase;
			buildActionMask = 2147483647;
			files = (
			);
			runOnlyForDeploymentPostprocessing = 0;
		};
		6687C3672C95AE8A000ECC5D /* Frameworks */ = {
			isa = PBXFrameworksBuildPhase;
			buildActionMask = 2147483647;
			files = (
			);
			runOnlyForDeploymentPostprocessing = 0;
		};
/* End PBXFrameworksBuildPhase section */

/* Begin PBXGroup section */
		6687C3442C95AE87000ECC5D = {
			isa = PBXGroup;
			children = (
				6687C3BC2C95B732000ECC5D /* MastodonService.swift */,
				6687C3B52C95B61C000ECC5D /* Utilities */,
				6687C3AE2C95B5CA000ECC5D /* Views */,
				6687C3A72C95B567000ECC5D /* ViewModels */,
				6687C39B2C95B503000ECC5D /* Services */,
				6687C34F2C95AE87000ECC5D /* Mustard */,
				6687C37D2C95B147000ECC5D /* Modesls */,
				6687C3632C95AE8A000ECC5D /* MustardTests */,
				6687C36D2C95AE8A000ECC5D /* MustardUITests */,
				6687C34E2C95AE87000ECC5D /* Products */,
			);
			sourceTree = "<group>";
		};
		6687C34E2C95AE87000ECC5D /* Products */ = {
			isa = PBXGroup;
			children = (
				6687C34D2C95AE87000ECC5D /* Mustard.app */,
				6687C3602C95AE8A000ECC5D /* MustardTests.xctest */,
				6687C36A2C95AE8A000ECC5D /* MustardUITests.xctest */,
			);
			name = Products;
			sourceTree = "<group>";
		};
		6687C37D2C95B147000ECC5D /* Modesls */ = {
			isa = PBXGroup;
			children = (
				6687C37E2C95B426000ECC5D /* Post.swift */,
				6687C3822C95B44C000ECC5D /* Account.swift */,
				6687C3862C95B46E000ECC5D /* MediaAttachment.swift */,
			);
			path = Modesls;
			sourceTree = "<group>";
		};
		6687C3B52C95B61C000ECC5D /* Utilities */ = {
			isa = PBXGroup;
			children = (
			);
			path = Utilities;
			sourceTree = "<group>";
		};
/* End PBXGroup section */

/* Begin PBXNativeTarget section */
		6687C34C2C95AE87000ECC5D /* Mustard */ = {
			isa = PBXNativeTarget;
			buildConfigurationList = 6687C3742C95AE8A000ECC5D /* Build configuration list for PBXNativeTarget "Mustard" */;
			buildPhases = (
				6687C3492C95AE87000ECC5D /* Sources */,
				6687C34A2C95AE87000ECC5D /* Frameworks */,
				6687C34B2C95AE87000ECC5D /* Resources */,
			);
			buildRules = (
			);
			dependencies = (
			);
			fileSystemSynchronizedGroups = (
				6687C34F2C95AE87000ECC5D /* Mustard */,
				6687C39B2C95B503000ECC5D /* Services */,
				6687C3A72C95B567000ECC5D /* ViewModels */,
				6687C3AE2C95B5CA000ECC5D /* Views */,
			);
			name = Mustard;
			packageProductDependencies = (
			);
			productName = Mustard;
			productReference = 6687C34D2C95AE87000ECC5D /* Mustard.app */;
			productType = "com.apple.product-type.application";
		};
		6687C35F2C95AE8A000ECC5D /* MustardTests */ = {
			isa = PBXNativeTarget;
			buildConfigurationList = 6687C3772C95AE8A000ECC5D /* Build configuration list for PBXNativeTarget "MustardTests" */;
			buildPhases = (
				6687C35C2C95AE8A000ECC5D /* Sources */,
				6687C35D2C95AE8A000ECC5D /* Frameworks */,
				6687C35E2C95AE8A000ECC5D /* Resources */,
			);
			buildRules = (
			);
			dependencies = (
				6687C3622C95AE8A000ECC5D /* PBXTargetDependency */,
			);
			fileSystemSynchronizedGroups = (
				6687C3632C95AE8A000ECC5D /* MustardTests */,
			);
			name = MustardTests;
			packageProductDependencies = (
			);
			productName = MustardTests;
			productReference = 6687C3602C95AE8A000ECC5D /* MustardTests.xctest */;
			productType = "com.apple.product-type.bundle.unit-test";
		};
		6687C3692C95AE8A000ECC5D /* MustardUITests */ = {
			isa = PBXNativeTarget;
			buildConfigurationList = 6687C37A2C95AE8A000ECC5D /* Build configuration list for PBXNativeTarget "MustardUITests" */;
			buildPhases = (
				6687C3662C95AE8A000ECC5D /* Sources */,
				6687C3672C95AE8A000ECC5D /* Frameworks */,
				6687C3682C95AE8A000ECC5D /* Resources */,
			);
			buildRules = (
			);
			dependencies = (
				6687C36C2C95AE8A000ECC5D /* PBXTargetDependency */,
			);
			fileSystemSynchronizedGroups = (
				6687C36D2C95AE8A000ECC5D /* MustardUITests */,
			);
			name = MustardUITests;
			packageProductDependencies = (
			);
			productName = MustardUITests;
			productReference = 6687C36A2C95AE8A000ECC5D /* MustardUITests.xctest */;
			productType = "com.apple.product-type.bundle.ui-testing";
		};
/* End PBXNativeTarget section */

/* Begin PBXProject section */
		6687C3452C95AE87000ECC5D /* Project object */ = {
			isa = PBXProject;
			attributes = {
				BuildIndependentTargetsInParallel = 1;
				LastSwiftUpdateCheck = 1600;
				LastUpgradeCheck = 1600;
				TargetAttributes = {
					6687C34C2C95AE87000ECC5D = {
						CreatedOnToolsVersion = 16.0;
					};
					6687C35F2C95AE8A000ECC5D = {
						CreatedOnToolsVersion = 16.0;
						TestTargetID = 6687C34C2C95AE87000ECC5D;
					};
					6687C3692C95AE8A000ECC5D = {
						CreatedOnToolsVersion = 16.0;
						TestTargetID = 6687C34C2C95AE87000ECC5D;
					};
				};
			};
			buildConfigurationList = 6687C3482C95AE87000ECC5D /* Build configuration list for PBXProject "Mustard" */;
			developmentRegion = en;
			hasScannedForEncodings = 0;
			knownRegions = (
				en,
				Base,
			);
			mainGroup = 6687C3442C95AE87000ECC5D;
			minimizedProjectReferenceProxies = 1;
			preferredProjectObjectVersion = 77;
			productRefGroup = 6687C34E2C95AE87000ECC5D /* Products */;
			projectDirPath = "";
			projectRoot = "";
			targets = (
				6687C34C2C95AE87000ECC5D /* Mustard */,
				6687C35F2C95AE8A000ECC5D /* MustardTests */,
				6687C3692C95AE8A000ECC5D /* MustardUITests */,
			);
		};
/* End PBXProject section */

/* Begin PBXResourcesBuildPhase section */
		6687C34B2C95AE87000ECC5D /* Resources */ = {
			isa = PBXResourcesBuildPhase;
			buildActionMask = 2147483647;
			files = (
			);
			runOnlyForDeploymentPostprocessing = 0;
		};
		6687C35E2C95AE8A000ECC5D /* Resources */ = {
			isa = PBXResourcesBuildPhase;
			buildActionMask = 2147483647;
			files = (
			);
			runOnlyForDeploymentPostprocessing = 0;
		};
		6687C3682C95AE8A000ECC5D /* Resources */ = {
			isa = PBXResourcesBuildPhase;
			buildActionMask = 2147483647;
			files = (
			);
			runOnlyForDeploymentPostprocessing = 0;
		};
/* End PBXResourcesBuildPhase section */

/* Begin PBXSourcesBuildPhase section */
		6687C3492C95AE87000ECC5D /* Sources */ = {
			isa = PBXSourcesBuildPhase;
			buildActionMask = 2147483647;
			files = (
				6687C3852C95B44D000ECC5D /* Account.swift in Sources */,
				6687C3882C95B46E000ECC5D /* MediaAttachment.swift in Sources */,
				6687C37F2C95B426000ECC5D /* Post.swift in Sources */,
				6687C3BD2C95B737000ECC5D /* MastodonService.swift in Sources */,
			);
			runOnlyForDeploymentPostprocessing = 0;
		};
		6687C35C2C95AE8A000ECC5D /* Sources */ = {
			isa = PBXSourcesBuildPhase;
			buildActionMask = 2147483647;
			files = (
				6687C3892C95B46E000ECC5D /* MediaAttachment.swift in Sources */,
				6687C3802C95B426000ECC5D /* Post.swift in Sources */,
				6687C3832C95B44C000ECC5D /* Account.swift in Sources */,
			);
			runOnlyForDeploymentPostprocessing = 0;
		};
		6687C3662C95AE8A000ECC5D /* Sources */ = {
			isa = PBXSourcesBuildPhase;
			buildActionMask = 2147483647;
			files = (
				6687C3872C95B46E000ECC5D /* MediaAttachment.swift in Sources */,
				6687C3812C95B426000ECC5D /* Post.swift in Sources */,
				6687C3842C95B44D000ECC5D /* Account.swift in Sources */,
			);
			runOnlyForDeploymentPostprocessing = 0;
		};
/* End PBXSourcesBuildPhase section */

/* Begin PBXTargetDependency section */
		6687C3622C95AE8A000ECC5D /* PBXTargetDependency */ = {
			isa = PBXTargetDependency;
			target = 6687C34C2C95AE87000ECC5D /* Mustard */;
			targetProxy = 6687C3612C95AE8A000ECC5D /* PBXContainerItemProxy */;
		};
		6687C36C2C95AE8A000ECC5D /* PBXTargetDependency */ = {
			isa = PBXTargetDependency;
			target = 6687C34C2C95AE87000ECC5D /* Mustard */;
			targetProxy = 6687C36B2C95AE8A000ECC5D /* PBXContainerItemProxy */;
		};
/* End PBXTargetDependency section */

/* Begin XCBuildConfiguration section */
		6687C3722C95AE8A000ECC5D /* Debug */ = {
			isa = XCBuildConfiguration;
			buildSettings = {
				ALWAYS_SEARCH_USER_PATHS = NO;
				ASSETCATALOG_COMPILER_GENERATE_SWIFT_ASSET_SYMBOL_EXTENSIONS = YES;
				CLANG_ANALYZER_NONNULL = YES;
				CLANG_ANALYZER_NUMBER_OBJECT_CONVERSION = YES_AGGRESSIVE;
				CLANG_CXX_LANGUAGE_STANDARD = "gnu++20";
				CLANG_ENABLE_MODULES = YES;
				CLANG_ENABLE_OBJC_ARC = YES;
				CLANG_ENABLE_OBJC_WEAK = YES;
				CLANG_WARN_BLOCK_CAPTURE_AUTORELEASING = YES;
				CLANG_WARN_BOOL_CONVERSION = YES;
				CLANG_WARN_COMMA = YES;
				CLANG_WARN_CONSTANT_CONVERSION = YES;
				CLANG_WARN_DEPRECATED_OBJC_IMPLEMENTATIONS = YES;
				CLANG_WARN_DIRECT_OBJC_ISA_USAGE = YES_ERROR;
				CLANG_WARN_DOCUMENTATION_COMMENTS = YES;
				CLANG_WARN_EMPTY_BODY = YES;
				CLANG_WARN_ENUM_CONVERSION = YES;
				CLANG_WARN_INFINITE_RECURSION = YES;
				CLANG_WARN_INT_CONVERSION = YES;
				CLANG_WARN_NON_LITERAL_NULL_CONVERSION = YES;
				CLANG_WARN_OBJC_IMPLICIT_RETAIN_SELF = YES;
				CLANG_WARN_OBJC_LITERAL_CONVERSION = YES;
				CLANG_WARN_OBJC_ROOT_CLASS = YES_ERROR;
				CLANG_WARN_QUOTED_INCLUDE_IN_FRAMEWORK_HEADER = YES;
				CLANG_WARN_RANGE_LOOP_ANALYSIS = YES;
				CLANG_WARN_STRICT_PROTOTYPES = YES;
				CLANG_WARN_SUSPICIOUS_MOVE = YES;
				CLANG_WARN_UNGUARDED_AVAILABILITY = YES_AGGRESSIVE;
				CLANG_WARN_UNREACHABLE_CODE = YES;
				CLANG_WARN__DUPLICATE_METHOD_MATCH = YES;
				COPY_PHASE_STRIP = NO;
				DEBUG_INFORMATION_FORMAT = dwarf;
				ENABLE_STRICT_OBJC_MSGSEND = YES;
				ENABLE_TESTABILITY = YES;
				ENABLE_USER_SCRIPT_SANDBOXING = YES;
				GCC_C_LANGUAGE_STANDARD = gnu17;
				GCC_DYNAMIC_NO_PIC = NO;
				GCC_NO_COMMON_BLOCKS = YES;
				GCC_OPTIMIZATION_LEVEL = 0;
				GCC_PREPROCESSOR_DEFINITIONS = (
					"DEBUG=1",
					"$(inherited)",
				);
				GCC_WARN_64_TO_32_BIT_CONVERSION = YES;
				GCC_WARN_ABOUT_RETURN_TYPE = YES_ERROR;
				GCC_WARN_UNDECLARED_SELECTOR = YES;
				GCC_WARN_UNINITIALIZED_AUTOS = YES_AGGRESSIVE;
				GCC_WARN_UNUSED_FUNCTION = YES;
				GCC_WARN_UNUSED_VARIABLE = YES;
				LOCALIZATION_PREFERS_STRING_CATALOGS = YES;
				MTL_ENABLE_DEBUG_INFO = INCLUDE_SOURCE;
				MTL_FAST_MATH = YES;
				ONLY_ACTIVE_ARCH = YES;
				SWIFT_ACTIVE_COMPILATION_CONDITIONS = "DEBUG $(inherited)";
				SWIFT_OPTIMIZATION_LEVEL = "-Onone";
			};
			name = Debug;
		};
		6687C3732C95AE8A000ECC5D /* Release */ = {
			isa = XCBuildConfiguration;
			buildSettings = {
				ALWAYS_SEARCH_USER_PATHS = NO;
				ASSETCATALOG_COMPILER_GENERATE_SWIFT_ASSET_SYMBOL_EXTENSIONS = YES;
				CLANG_ANALYZER_NONNULL = YES;
				CLANG_ANALYZER_NUMBER_OBJECT_CONVERSION = YES_AGGRESSIVE;
				CLANG_CXX_LANGUAGE_STANDARD = "gnu++20";
				CLANG_ENABLE_MODULES = YES;
				CLANG_ENABLE_OBJC_ARC = YES;
				CLANG_ENABLE_OBJC_WEAK = YES;
				CLANG_WARN_BLOCK_CAPTURE_AUTORELEASING = YES;
				CLANG_WARN_BOOL_CONVERSION = YES;
				CLANG_WARN_COMMA = YES;
				CLANG_WARN_CONSTANT_CONVERSION = YES;
				CLANG_WARN_DEPRECATED_OBJC_IMPLEMENTATIONS = YES;
				CLANG_WARN_DIRECT_OBJC_ISA_USAGE = YES_ERROR;
				CLANG_WARN_DOCUMENTATION_COMMENTS = YES;
				CLANG_WARN_EMPTY_BODY = YES;
				CLANG_WARN_ENUM_CONVERSION = YES;
				CLANG_WARN_INFINITE_RECURSION = YES;
				CLANG_WARN_INT_CONVERSION = YES;
				CLANG_WARN_NON_LITERAL_NULL_CONVERSION = YES;
				CLANG_WARN_OBJC_IMPLICIT_RETAIN_SELF = YES;
				CLANG_WARN_OBJC_LITERAL_CONVERSION = YES;
				CLANG_WARN_OBJC_ROOT_CLASS = YES_ERROR;
				CLANG_WARN_QUOTED_INCLUDE_IN_FRAMEWORK_HEADER = YES;
				CLANG_WARN_RANGE_LOOP_ANALYSIS = YES;
				CLANG_WARN_STRICT_PROTOTYPES = YES;
				CLANG_WARN_SUSPICIOUS_MOVE = YES;
				CLANG_WARN_UNGUARDED_AVAILABILITY = YES_AGGRESSIVE;
				CLANG_WARN_UNREACHABLE_CODE = YES;
				CLANG_WARN__DUPLICATE_METHOD_MATCH = YES;
				COPY_PHASE_STRIP = NO;
				DEBUG_INFORMATION_FORMAT = "dwarf-with-dsym";
				ENABLE_NS_ASSERTIONS = NO;
				ENABLE_STRICT_OBJC_MSGSEND = YES;
				ENABLE_USER_SCRIPT_SANDBOXING = YES;
				GCC_C_LANGUAGE_STANDARD = gnu17;
				GCC_NO_COMMON_BLOCKS = YES;
				GCC_WARN_64_TO_32_BIT_CONVERSION = YES;
				GCC_WARN_ABOUT_RETURN_TYPE = YES_ERROR;
				GCC_WARN_UNDECLARED_SELECTOR = YES;
				GCC_WARN_UNINITIALIZED_AUTOS = YES_AGGRESSIVE;
				GCC_WARN_UNUSED_FUNCTION = YES;
				GCC_WARN_UNUSED_VARIABLE = YES;
				LOCALIZATION_PREFERS_STRING_CATALOGS = YES;
				MTL_ENABLE_DEBUG_INFO = NO;
				MTL_FAST_MATH = YES;
				SWIFT_COMPILATION_MODE = wholemodule;
			};
			name = Release;
		};
		6687C3752C95AE8A000ECC5D /* Debug */ = {
			isa = XCBuildConfiguration;
			buildSettings = {
				ASSETCATALOG_COMPILER_APPICON_NAME = AppIcon;
				ASSETCATALOG_COMPILER_GLOBAL_ACCENT_COLOR_NAME = AccentColor;
				CODE_SIGN_ENTITLEMENTS = Mustard/Mustard.entitlements;
				CODE_SIGN_STYLE = Automatic;
				CURRENT_PROJECT_VERSION = 1;
				DEVELOPMENT_ASSET_PATHS = "\"Mustard/Preview Content\"";
				DEVELOPMENT_TEAM = DSG47QF9P9;
				ENABLE_HARDENED_RUNTIME = YES;
				ENABLE_PREVIEWS = YES;
				GENERATE_INFOPLIST_FILE = YES;
				"INFOPLIST_KEY_UIApplicationSceneManifest_Generation[sdk=iphoneos*]" = YES;
				"INFOPLIST_KEY_UIApplicationSceneManifest_Generation[sdk=iphonesimulator*]" = YES;
				"INFOPLIST_KEY_UIApplicationSupportsIndirectInputEvents[sdk=iphoneos*]" = YES;
				"INFOPLIST_KEY_UIApplicationSupportsIndirectInputEvents[sdk=iphonesimulator*]" = YES;
				"INFOPLIST_KEY_UILaunchScreen_Generation[sdk=iphoneos*]" = YES;
				"INFOPLIST_KEY_UILaunchScreen_Generation[sdk=iphonesimulator*]" = YES;
				"INFOPLIST_KEY_UIStatusBarStyle[sdk=iphoneos*]" = UIStatusBarStyleDefault;
				"INFOPLIST_KEY_UIStatusBarStyle[sdk=iphonesimulator*]" = UIStatusBarStyleDefault;
				INFOPLIST_KEY_UISupportedInterfaceOrientations_iPad = "UIInterfaceOrientationPortrait UIInterfaceOrientationPortraitUpsideDown UIInterfaceOrientationLandscapeLeft UIInterfaceOrientationLandscapeRight";
				INFOPLIST_KEY_UISupportedInterfaceOrientations_iPhone = "UIInterfaceOrientationPortrait UIInterfaceOrientationLandscapeLeft UIInterfaceOrientationLandscapeRight";
				IPHONEOS_DEPLOYMENT_TARGET = 18.0;
				LD_RUNPATH_SEARCH_PATHS = "@executable_path/Frameworks";
				"LD_RUNPATH_SEARCH_PATHS[sdk=macosx*]" = "@executable_path/../Frameworks";
				MACOSX_DEPLOYMENT_TARGET = 14.0;
				MARKETING_VERSION = 1.0;
				PRODUCT_BUNDLE_IDENTIFIER = titan.Test.Learn.mastdon.Mustard;
				PRODUCT_NAME = "$(TARGET_NAME)";
				SDKROOT = auto;
				SUPPORTED_PLATFORMS = "iphoneos iphonesimulator macosx xros xrsimulator";
				SWIFT_EMIT_LOC_STRINGS = YES;
				SWIFT_VERSION = 5.0;
				TARGETED_DEVICE_FAMILY = "1,2,7";
				XROS_DEPLOYMENT_TARGET = 2.0;
			};
			name = Debug;
		};
		6687C3762C95AE8A000ECC5D /* Release */ = {
			isa = XCBuildConfiguration;
			buildSettings = {
				ASSETCATALOG_COMPILER_APPICON_NAME = AppIcon;
				ASSETCATALOG_COMPILER_GLOBAL_ACCENT_COLOR_NAME = AccentColor;
				CODE_SIGN_ENTITLEMENTS = Mustard/Mustard.entitlements;
				CODE_SIGN_STYLE = Automatic;
				CURRENT_PROJECT_VERSION = 1;
				DEVELOPMENT_ASSET_PATHS = "\"Mustard/Preview Content\"";
				DEVELOPMENT_TEAM = DSG47QF9P9;
				ENABLE_HARDENED_RUNTIME = YES;
				ENABLE_PREVIEWS = YES;
				GENERATE_INFOPLIST_FILE = YES;
				"INFOPLIST_KEY_UIApplicationSceneManifest_Generation[sdk=iphoneos*]" = YES;
				"INFOPLIST_KEY_UIApplicationSceneManifest_Generation[sdk=iphonesimulator*]" = YES;
				"INFOPLIST_KEY_UIApplicationSupportsIndirectInputEvents[sdk=iphoneos*]" = YES;
				"INFOPLIST_KEY_UIApplicationSupportsIndirectInputEvents[sdk=iphonesimulator*]" = YES;
				"INFOPLIST_KEY_UILaunchScreen_Generation[sdk=iphoneos*]" = YES;
				"INFOPLIST_KEY_UILaunchScreen_Generation[sdk=iphonesimulator*]" = YES;
				"INFOPLIST_KEY_UIStatusBarStyle[sdk=iphoneos*]" = UIStatusBarStyleDefault;
				"INFOPLIST_KEY_UIStatusBarStyle[sdk=iphonesimulator*]" = UIStatusBarStyleDefault;
				INFOPLIST_KEY_UISupportedInterfaceOrientations_iPad = "UIInterfaceOrientationPortrait UIInterfaceOrientationPortraitUpsideDown UIInterfaceOrientationLandscapeLeft UIInterfaceOrientationLandscapeRight";
				INFOPLIST_KEY_UISupportedInterfaceOrientations_iPhone = "UIInterfaceOrientationPortrait UIInterfaceOrientationLandscapeLeft UIInterfaceOrientationLandscapeRight";
				IPHONEOS_DEPLOYMENT_TARGET = 18.0;
				LD_RUNPATH_SEARCH_PATHS = "@executable_path/Frameworks";
				"LD_RUNPATH_SEARCH_PATHS[sdk=macosx*]" = "@executable_path/../Frameworks";
				MACOSX_DEPLOYMENT_TARGET = 14.0;
				MARKETING_VERSION = 1.0;
				PRODUCT_BUNDLE_IDENTIFIER = titan.Test.Learn.mastdon.Mustard;
				PRODUCT_NAME = "$(TARGET_NAME)";
				SDKROOT = auto;
				SUPPORTED_PLATFORMS = "iphoneos iphonesimulator macosx xros xrsimulator";
				SWIFT_EMIT_LOC_STRINGS = YES;
				SWIFT_VERSION = 5.0;
				TARGETED_DEVICE_FAMILY = "1,2,7";
				XROS_DEPLOYMENT_TARGET = 2.0;
			};
			name = Release;
		};
		6687C3782C95AE8A000ECC5D /* Debug */ = {
			isa = XCBuildConfiguration;
			buildSettings = {
				BUNDLE_LOADER = "$(TEST_HOST)";
				CODE_SIGN_STYLE = Automatic;
				CURRENT_PROJECT_VERSION = 1;
				DEVELOPMENT_TEAM = DSG47QF9P9;
				GENERATE_INFOPLIST_FILE = YES;
				IPHONEOS_DEPLOYMENT_TARGET = 18.0;
				MACOSX_DEPLOYMENT_TARGET = 15.0;
				MARKETING_VERSION = 1.0;
				PRODUCT_BUNDLE_IDENTIFIER = titan.Test.Learn.mastdon.MustardTests;
				PRODUCT_NAME = "$(TARGET_NAME)";
				SDKROOT = auto;
				SUPPORTED_PLATFORMS = "iphoneos iphonesimulator macosx xros xrsimulator";
				SWIFT_EMIT_LOC_STRINGS = NO;
				SWIFT_VERSION = 5.0;
				TARGETED_DEVICE_FAMILY = "1,2,7";
				TEST_HOST = "$(BUILT_PRODUCTS_DIR)/Mustard.app/$(BUNDLE_EXECUTABLE_FOLDER_PATH)/Mustard";
				XROS_DEPLOYMENT_TARGET = 2.0;
			};
			name = Debug;
		};
		6687C3792C95AE8A000ECC5D /* Release */ = {
			isa = XCBuildConfiguration;
			buildSettings = {
				BUNDLE_LOADER = "$(TEST_HOST)";
				CODE_SIGN_STYLE = Automatic;
				CURRENT_PROJECT_VERSION = 1;
				DEVELOPMENT_TEAM = DSG47QF9P9;
				GENERATE_INFOPLIST_FILE = YES;
				IPHONEOS_DEPLOYMENT_TARGET = 18.0;
				MACOSX_DEPLOYMENT_TARGET = 15.0;
				MARKETING_VERSION = 1.0;
				PRODUCT_BUNDLE_IDENTIFIER = titan.Test.Learn.mastdon.MustardTests;
				PRODUCT_NAME = "$(TARGET_NAME)";
				SDKROOT = auto;
				SUPPORTED_PLATFORMS = "iphoneos iphonesimulator macosx xros xrsimulator";
				SWIFT_EMIT_LOC_STRINGS = NO;
				SWIFT_VERSION = 5.0;
				TARGETED_DEVICE_FAMILY = "1,2,7";
				TEST_HOST = "$(BUILT_PRODUCTS_DIR)/Mustard.app/$(BUNDLE_EXECUTABLE_FOLDER_PATH)/Mustard";
				XROS_DEPLOYMENT_TARGET = 2.0;
			};
			name = Release;
		};
		6687C37B2C95AE8A000ECC5D /* Debug */ = {
			isa = XCBuildConfiguration;
			buildSettings = {
				CODE_SIGN_STYLE = Automatic;
				CURRENT_PROJECT_VERSION = 1;
				DEVELOPMENT_TEAM = DSG47QF9P9;
				GENERATE_INFOPLIST_FILE = YES;
				IPHONEOS_DEPLOYMENT_TARGET = 18.0;
				MACOSX_DEPLOYMENT_TARGET = 15.0;
				MARKETING_VERSION = 1.0;
				PRODUCT_BUNDLE_IDENTIFIER = titan.Test.Learn.mastdon.MustardUITests;
				PRODUCT_NAME = "$(TARGET_NAME)";
				SDKROOT = auto;
				SUPPORTED_PLATFORMS = "iphoneos iphonesimulator macosx xros xrsimulator";
				SWIFT_EMIT_LOC_STRINGS = NO;
				SWIFT_VERSION = 5.0;
				TARGETED_DEVICE_FAMILY = "1,2,7";
				TEST_TARGET_NAME = Mustard;
				XROS_DEPLOYMENT_TARGET = 2.0;
			};
			name = Debug;
		};
		6687C37C2C95AE8A000ECC5D /* Release */ = {
			isa = XCBuildConfiguration;
			buildSettings = {
				CODE_SIGN_STYLE = Automatic;
				CURRENT_PROJECT_VERSION = 1;
				DEVELOPMENT_TEAM = DSG47QF9P9;
				GENERATE_INFOPLIST_FILE = YES;
				IPHONEOS_DEPLOYMENT_TARGET = 18.0;
				MACOSX_DEPLOYMENT_TARGET = 15.0;
				MARKETING_VERSION = 1.0;
				PRODUCT_BUNDLE_IDENTIFIER = titan.Test.Learn.mastdon.MustardUITests;
				PRODUCT_NAME = "$(TARGET_NAME)";
				SDKROOT = auto;
				SUPPORTED_PLATFORMS = "iphoneos iphonesimulator macosx xros xrsimulator";
				SWIFT_EMIT_LOC_STRINGS = NO;
				SWIFT_VERSION = 5.0;
				TARGETED_DEVICE_FAMILY = "1,2,7";
				TEST_TARGET_NAME = Mustard;
				XROS_DEPLOYMENT_TARGET = 2.0;
			};
			name = Release;
		};
/* End XCBuildConfiguration section */

/* Begin XCConfigurationList section */
		6687C3482C95AE87000ECC5D /* Build configuration list for PBXProject "Mustard" */ = {
			isa = XCConfigurationList;
			buildConfigurations = (
				6687C3722C95AE8A000ECC5D /* Debug */,
				6687C3732C95AE8A000ECC5D /* Release */,
			);
			defaultConfigurationIsVisible = 0;
			defaultConfigurationName = Release;
		};
		6687C3742C95AE8A000ECC5D /* Build configuration list for PBXNativeTarget "Mustard" */ = {
			isa = XCConfigurationList;
			buildConfigurations = (
				6687C3752C95AE8A000ECC5D /* Debug */,
				6687C3762C95AE8A000ECC5D /* Release */,
			);
			defaultConfigurationIsVisible = 0;
			defaultConfigurationName = Release;
		};
		6687C3772C95AE8A000ECC5D /* Build configuration list for PBXNativeTarget "MustardTests" */ = {
			isa = XCConfigurationList;
			buildConfigurations = (
				6687C3782C95AE8A000ECC5D /* Debug */,
				6687C3792C95AE8A000ECC5D /* Release */,
			);
			defaultConfigurationIsVisible = 0;
			defaultConfigurationName = Release;
		};
		6687C37A2C95AE8A000ECC5D /* Build configuration list for PBXNativeTarget "MustardUITests" */ = {
			isa = XCConfigurationList;
			buildConfigurations = (
				6687C37B2C95AE8A000ECC5D /* Debug */,
				6687C37C2C95AE8A000ECC5D /* Release */,
			);
			defaultConfigurationIsVisible = 0;
			defaultConfigurationName = Release;
		};
/* End XCConfigurationList section */
	};
	rootObject = 6687C3452C95AE87000ECC5D /* Project object */;
}
